
Microsoft Visual Studio Solution File, Format Version 12.00
# Visual Studio Version 17
VisualStudioVersion = 17.0.31903.59
MinimumVisualStudioVersion = 10.0.40219.1
Project("{2150E333-8FDC-42A3-9474-1A3956D46DE8}") = "src", "src", "{827E0CD3-B72D-47B6-A68D-7590B98EB39B}"
EndProject
Project("{FAE04EC0-301F-11D3-BF4B-00C04F79EFBC}") = "FollowCatcher.Domain", "src\FollowCatcher.Domain\FollowCatcher.Domain.csproj", "{6C6A1D0E-6351-4BF1-B853-DA8146F618F0}"
EndProject
Project("{FAE04EC0-301F-11D3-BF4B-00C04F79EFBC}") = "FollowCatcher.Application", "src\FollowCatcher.Application\FollowCatcher.Application.csproj", "{FA1C104E-7FB1-47BF-BBE5-BBDA4E2FDFB1}"
EndProject
Project("{FAE04EC0-301F-11D3-BF4B-00C04F79EFBC}") = "FollowCatcher.Persistence", "src\FollowCatcher.Persistence\FollowCatcher.Persistence.csproj", "{FCFA7404-AD22-4E64-847B-5F02F2DE1083}"
EndProject
Project("{FAE04EC0-301F-11D3-BF4B-00C04F79EFBC}") = "FollowCatcher.Api", "src\FollowCatcher.Api\FollowCatcher.Api.csproj", "{67023F4A-7799-4C26-82C6-A90BE9328486}"
EndProject
Project("{FAE04EC0-301F-11D3-BF4B-00C04F79EFBC}") = "FollowCatcher.Infrastructure", "src\FollowCatcher.Infrastructure\FollowCatcher.Infrastructure.csproj", "{2F571424-F9EC-4089-BCF8-6F6AE89900DF}"
EndProject
Global
	GlobalSection(SolutionConfigurationPlatforms) = preSolution
		Debug|Any CPU = Debug|Any CPU
		Debug|x64 = Debug|x64
		Debug|x86 = Debug|x86
		Release|Any CPU = Release|Any CPU
		Release|x64 = Release|x64
		Release|x86 = Release|x86
	EndGlobalSection
	GlobalSection(ProjectConfigurationPlatforms) = postSolution
		{6C6A1D0E-6351-4BF1-B853-DA8146F618F0}.Debug|Any CPU.ActiveCfg = Debug|Any CPU
		{6C6A1D0E-6351-4BF1-B853-DA8146F618F0}.Debug|Any CPU.Build.0 = Debug|Any CPU
		{6C6A1D0E-6351-4BF1-B853-DA8146F618F0}.Debug|x64.ActiveCfg = Debug|Any CPU
		{6C6A1D0E-6351-4BF1-B853-DA8146F618F0}.Debug|x64.Build.0 = Debug|Any CPU
		{6C6A1D0E-6351-4BF1-B853-DA8146F618F0}.Debug|x86.ActiveCfg = Debug|Any CPU
		{6C6A1D0E-6351-4BF1-B853-DA8146F618F0}.Debug|x86.Build.0 = Debug|Any CPU
		{6C6A1D0E-6351-4BF1-B853-DA8146F618F0}.Release|Any CPU.ActiveCfg = Release|Any CPU
		{6C6A1D0E-6351-4BF1-B853-DA8146F618F0}.Release|Any CPU.Build.0 = Release|Any CPU
		{6C6A1D0E-6351-4BF1-B853-DA8146F618F0}.Release|x64.ActiveCfg = Release|Any CPU
		{6C6A1D0E-6351-4BF1-B853-DA8146F618F0}.Release|x64.Build.0 = Release|Any CPU
		{6C6A1D0E-6351-4BF1-B853-DA8146F618F0}.Release|x86.ActiveCfg = Release|Any CPU
		{6C6A1D0E-6351-4BF1-B853-DA8146F618F0}.Release|x86.Build.0 = Release|Any CPU
		{FA1C104E-7FB1-47BF-BBE5-BBDA4E2FDFB1}.Debug|Any CPU.ActiveCfg = Debug|Any CPU
		{FA1C104E-7FB1-47BF-BBE5-BBDA4E2FDFB1}.Debug|Any CPU.Build.0 = Debug|Any CPU
		{FA1C104E-7FB1-47BF-BBE5-BBDA4E2FDFB1}.Debug|x64.ActiveCfg = Debug|Any CPU
		{FA1C104E-7FB1-47BF-BBE5-BBDA4E2FDFB1}.Debug|x64.Build.0 = Debug|Any CPU
		{FA1C104E-7FB1-47BF-BBE5-BBDA4E2FDFB1}.Debug|x86.ActiveCfg = Debug|Any CPU
		{FA1C104E-7FB1-47BF-BBE5-BBDA4E2FDFB1}.Debug|x86.Build.0 = Debug|Any CPU
		{FA1C104E-7FB1-47BF-BBE5-BBDA4E2FDFB1}.Release|Any CPU.ActiveCfg = Release|Any CPU
		{FA1C104E-7FB1-47BF-BBE5-BBDA4E2FDFB1}.Release|Any CPU.Build.0 = Release|Any CPU
		{FA1C104E-7FB1-47BF-BBE5-BBDA4E2FDFB1}.Release|x64.ActiveCfg = Release|Any CPU
		{FA1C104E-7FB1-47BF-BBE5-BBDA4E2FDFB1}.Release|x64.Build.0 = Release|Any CPU
		{FA1C104E-7FB1-47BF-BBE5-BBDA4E2FDFB1}.Release|x86.ActiveCfg = Release|Any CPU
		{FA1C104E-7FB1-47BF-BBE5-BBDA4E2FDFB1}.Release|x86.Build.0 = Release|Any CPU
		{FCFA7404-AD22-4E64-847B-5F02F2DE1083}.Debug|Any CPU.ActiveCfg = Debug|Any CPU
		{FCFA7404-AD22-4E64-847B-5F02F2DE1083}.Debug|Any CPU.Build.0 = Debug|Any CPU
		{FCFA7404-AD22-4E64-847B-5F02F2DE1083}.Debug|x64.ActiveCfg = Debug|Any CPU
		{FCFA7404-AD22-4E64-847B-5F02F2DE1083}.Debug|x64.Build.0 = Debug|Any CPU
		{FCFA7404-AD22-4E64-847B-5F02F2DE1083}.Debug|x86.ActiveCfg = Debug|Any CPU
		{FCFA7404-AD22-4E64-847B-5F02F2DE1083}.Debug|x86.Build.0 = Debug|Any CPU
		{FCFA7404-AD22-4E64-847B-5F02F2DE1083}.Release|Any CPU.ActiveCfg = Release|Any CPU
		{FCFA7404-AD22-4E64-847B-5F02F2DE1083}.Release|Any CPU.Build.0 = Release|Any CPU
		{FCFA7404-AD22-4E64-847B-5F02F2DE1083}.Release|x64.ActiveCfg = Release|Any CPU
		{FCFA7404-AD22-4E64-847B-5F02F2DE1083}.Release|x64.Build.0 = Release|Any CPU
		{FCFA7404-AD22-4E64-847B-5F02F2DE1083}.Release|x86.ActiveCfg = Release|Any CPU
		{FCFA7404-AD22-4E64-847B-5F02F2DE1083}.Release|x86.Build.0 = Release|Any CPU
		{67023F4A-7799-4C26-82C6-A90BE9328486}.Debug|Any CPU.ActiveCfg = Debug|Any CPU
		{67023F4A-7799-4C26-82C6-A90BE9328486}.Debug|Any CPU.Build.0 = Debug|Any CPU
		{67023F4A-7799-4C26-82C6-A90BE9328486}.Debug|x64.ActiveCfg = Debug|Any CPU
		{67023F4A-7799-4C26-82C6-A90BE9328486}.Debug|x64.Build.0 = Debug|Any CPU
		{67023F4A-7799-4C26-82C6-A90BE9328486}.Debug|x86.ActiveCfg = Debug|Any CPU
		{67023F4A-7799-4C26-82C6-A90BE9328486}.Debug|x86.Build.0 = Debug|Any CPU
		{67023F4A-7799-4C26-82C6-A90BE9328486}.Release|Any CPU.ActiveCfg = Release|Any CPU
		{67023F4A-7799-4C26-82C6-A90BE9328486}.Release|Any CPU.Build.0 = Release|Any CPU
		{67023F4A-7799-4C26-82C6-A90BE9328486}.Release|x64.ActiveCfg = Release|Any CPU
		{67023F4A-7799-4C26-82C6-A90BE9328486}.Release|x64.Build.0 = Release|Any CPU
		{67023F4A-7799-4C26-82C6-A90BE9328486}.Release|x86.ActiveCfg = Release|Any CPU
		{67023F4A-7799-4C26-82C6-A90BE9328486}.Release|x86.Build.0 = Release|Any CPU
		{2F571424-F9EC-4089-BCF8-6F6AE89900DF}.Debug|Any CPU.ActiveCfg = Debug|Any CPU
		{2F571424-F9EC-4089-BCF8-6F6AE89900DF}.Debug|Any CPU.Build.0 = Debug|Any CPU
		{2F571424-F9EC-4089-BCF8-6F6AE89900DF}.Debug|x64.ActiveCfg = Debug|Any CPU
		{2F571424-F9EC-4089-BCF8-6F6AE89900DF}.Debug|x64.Build.0 = Debug|Any CPU
		{2F571424-F9EC-4089-BCF8-6F6AE89900DF}.Debug|x86.ActiveCfg = Debug|Any CPU
		{2F571424-F9EC-4089-BCF8-6F6AE89900DF}.Debug|x86.Build.0 = Debug|Any CPU
		{2F571424-F9EC-4089-BCF8-6F6AE89900DF}.Release|Any CPU.ActiveCfg = Release|Any CPU
		{2F571424-F9EC-4089-BCF8-6F6AE89900DF}.Release|Any CPU.Build.0 = Release|Any CPU
		{2F571424-F9EC-4089-BCF8-6F6AE89900DF}.Release|x64.ActiveCfg = Release|Any CPU
		{2F571424-F9EC-4089-BCF8-6F6AE89900DF}.Release|x64.Build.0 = Release|Any CPU
		{2F571424-F9EC-4089-BCF8-6F6AE89900DF}.Release|x86.ActiveCfg = Release|Any CPU
		{2F571424-F9EC-4089-BCF8-6F6AE89900DF}.Release|x86.Build.0 = Release|Any CPU
	EndGlobalSection
	GlobalSection(SolutionProperties) = preSolution
		HideSolutionNode = FALSE
	EndGlobalSection
	GlobalSection(NestedProjects) = preSolution
		{6C6A1D0E-6351-4BF1-B853-DA8146F618F0} = {827E0CD3-B72D-47B6-A68D-7590B98EB39B}
		{FA1C104E-7FB1-47BF-BBE5-BBDA4E2FDFB1} = {827E0CD3-B72D-47B6-A68D-7590B98EB39B}
		{FCFA7404-AD22-4E64-847B-5F02F2DE1083} = {827E0CD3-B72D-47B6-A68D-7590B98EB39B}
		{67023F4A-7799-4C26-82C6-A90BE9328486} = {827E0CD3-B72D-47B6-A68D-7590B98EB39B}
		{2F571424-F9EC-4089-BCF8-6F6AE89900DF} = {827E0CD3-B72D-47B6-A68D-7590B98EB39B}
	EndGlobalSection
EndGlobal
